# THIS IS AN AUTOGENERATED FILE. DO NOT EDIT THIS FILE DIRECTLY.
# yarn lockfile v1


"@civ-clone/core-data-object@^0.1.0":
  version "0.1.4"
  resolved "https://registry.yarnpkg.com/@civ-clone/core-data-object/-/core-data-object-0.1.4.tgz#29c51d64f5e167f8a617928b43fa5702670a12fe"
  integrity sha512-Qe39BKWzazXbeEZNec66+i1/jdnvEA7bzKVeVo0g2IPJTAeguKJE6dU92yiWnNDrpNI0aDpT0vJOC07v8jxrSA==
  dependencies:
    "@civ-clone/core-registry" "^0.1.0"
    ulid "^2.3.0"

"@civ-clone/core-registry@^0.1", "@civ-clone/core-registry@^0.1.0":
  version "0.1.0"
  resolved "https://registry.yarnpkg.com/@civ-clone/core-registry/-/core-registry-0.1.0.tgz#ea5f9c964f8782c54a8e626cef6754c73fd5bb4a"
  integrity sha512-g8TqSC+kwDTgpgGBaQd/d4G5Mw75qb4C1nDu3qeVf3bEmggoM5IpyJbSrrn5+uISPJdF9OIQuZWmugLQSmk0tQ==

"@civ-clone/core-rule@^0.1.0":
  version "0.1.0"
  resolved "https://registry.yarnpkg.com/@civ-clone/core-rule/-/core-rule-0.1.0.tgz#45486bf9a7b4326b18eec5a16d706cdc7d5d427e"
  integrity sha512-K0um1LoUOjWW9DQfvR4/0fqhETNIJbM+qPeNFbeBOijtrk9bIJ+kNtv7hriZ5BEK7cdlZBcgcbu7LAVcFZc0Tg==
  dependencies:
    "@civ-clone/core-registry" "^0.1"

"@civ-clone/core-terrain@^0.1.0":
  version "0.1.1"
  resolved "https://registry.yarnpkg.com/@civ-clone/core-terrain/-/core-terrain-0.1.1.tgz#a9e02cbb02cd9aaf8533bad3e870dd59521fea4d"
  integrity sha512-LahiuoOvJPafI2+l4r7iTxGtOuoj7zTumBPOAhqjnDYDIB2wrWSgXoT64ownJYL1NoXqjYTL6fMINur1ueyiLw==
  dependencies:
    "@civ-clone/core-data-object" "^0.1.0"
    "@civ-clone/core-registry" "^0.1.0"
    "@civ-clone/core-rule" "^0.1.0"

prettier@^2.1.2:
  version "2.2.1"
  resolved "https://registry.yarnpkg.com/prettier/-/prettier-2.2.1.tgz#795a1a78dd52f073da0cd42b21f9c91381923ff5"
  integrity sha512-PqyhM2yCjg/oKkFPtTGUojv7gnZAoG80ttl45O6x2Ug/rMJw4wcc9k6aaf2hibP7BGVCCM33gZoGjyvt9mm16Q==

typescript@^4.0.3:
  version "4.2.2"
  resolved "https://registry.yarnpkg.com/typescript/-/typescript-4.2.2.tgz#1450f020618f872db0ea17317d16d8da8ddb8c4c"
  integrity sha512-tbb+NVrLfnsJy3M59lsDgrzWIflR4d4TIUjz+heUnHZwdF7YsrMTKoRERiIvI2lvBG95dfpLxB21WZhys1bgaQ==

ulid@^2.3.0:
  version "2.3.0"
  resolved "https://registry.yarnpkg.com/ulid/-/ulid-2.3.0.tgz#93063522771a9774121a84d126ecd3eb9804071f"
  integrity sha512-keqHubrlpvT6G2wH0OEfSW4mquYRcbe/J8NMmveoQOjUqmo+hXtO+ORCpWhdbZ7k72UtY61BL7haGxW6enBnjw==
