# THIS IS AN AUTOGENERATED FILE. DO NOT EDIT THIS FILE DIRECTLY.
# yarn lockfile v1


"@civ-clone/core-data-object@^0.1.0":
  version "0.1.0"
  resolved "https://registry.yarnpkg.com/@civ-clone/core-data-object/-/core-data-object-0.1.0.tgz#337042c7118ae0b0aab32b05d00256a21dbd6ab3"
  integrity sha512-FKKIJFEXRHAJfDm7ZqDWNutfzZ0aEBxAdA1xDzVTttQH4O2zGor3xYvI/wR0XRuQRkAhIt3A2Fn0cXzrJIZQOA==
  dependencies:
    "@civ-clone/core-registry" "^0.1.0"

"@civ-clone/core-registry@^0.1", "@civ-clone/core-registry@^0.1.0":
  version "0.1.0"
  resolved "https://registry.yarnpkg.com/@civ-clone/core-registry/-/core-registry-0.1.0.tgz#ea5f9c964f8782c54a8e626cef6754c73fd5bb4a"
  integrity sha512-g8TqSC+kwDTgpgGBaQd/d4G5Mw75qb4C1nDu3qeVf3bEmggoM5IpyJbSrrn5+uISPJdF9OIQuZWmugLQSmk0tQ==

"@civ-clone/core-rule@^0.1.0":
  version "0.1.0"
  resolved "https://registry.yarnpkg.com/@civ-clone/core-rule/-/core-rule-0.1.0.tgz#45486bf9a7b4326b18eec5a16d706cdc7d5d427e"
  integrity sha512-K0um1LoUOjWW9DQfvR4/0fqhETNIJbM+qPeNFbeBOijtrk9bIJ+kNtv7hriZ5BEK7cdlZBcgcbu7LAVcFZc0Tg==
  dependencies:
    "@civ-clone/core-registry" "^0.1"

"@civ-clone/core-terrain@^0.1.0":
  version "0.1.0"
  resolved "https://registry.yarnpkg.com/@civ-clone/core-terrain/-/core-terrain-0.1.0.tgz#80a2a5585a4415a3c2a722b0a9250bc1a3cc7f58"
  integrity sha512-0TDkJxxTPib3plqMLfSkr5W8adfC/ncOU+33GgvyZCbKhPE2dRw8xcrvFpLEZBQcDatKNvs89rMkHepOn0EH3w==
  dependencies:
    "@civ-clone/core-data-object" "^0.1.0"
    "@civ-clone/core-registry" "^0.1.0"
    "@civ-clone/core-rule" "^0.1.0"

prettier@^2.1.2:
  version "2.2.1"
  resolved "https://registry.yarnpkg.com/prettier/-/prettier-2.2.1.tgz#795a1a78dd52f073da0cd42b21f9c91381923ff5"
  integrity sha512-PqyhM2yCjg/oKkFPtTGUojv7gnZAoG80ttl45O6x2Ug/rMJw4wcc9k6aaf2hibP7BGVCCM33gZoGjyvt9mm16Q==

typescript@^4.0.3:
  version "4.1.3"
  resolved "https://registry.yarnpkg.com/typescript/-/typescript-4.1.3.tgz#519d582bd94cba0cf8934c7d8e8467e473f53bb7"
  integrity sha512-B3ZIOf1IKeH2ixgHhj6la6xdwR9QrLC5d1VKeCSY4tvkqhF2eqd9O7txNlS0PO3GrBAFIdr3L1ndNwteUbZLYg==
